
Microsoft Visual Studio Solution File, Format Version 12.00
# Visual Studio 15
VisualStudioVersion = 15.0.27703.2026
MinimumVisualStudioVersion = 10.0.40219.1
Project("{8BC9CEB8-8B4A-11D0-8D11-00A0C91BC942}") = "Logica", "Logica\Logica.vcxproj", "{54265533-E65A-4135-BB82-FED2743D0FB2}"
EndProject
Global
	GlobalSection(SolutionConfigurationPlatforms) = preSolution
		Debug|x64 = Debug|x64
		Debug|x86 = Debug|x86
		Release|x64 = Release|x64
		Release|x86 = Release|x86
	EndGlobalSection
	GlobalSection(ProjectConfigurationPlatforms) = postSolution
		{54265533-E65A-4135-BB82-FED2743D0FB2}.Debug|x64.ActiveCfg = Debug|x64
		{54265533-E65A-4135-BB82-FED2743D0FB2}.Debug|x64.Build.0 = Debug|x64
		{54265533-E65A-4135-BB82-FED2743D0FB2}.Debug|x86.ActiveCfg = Debug|Win32
		{54265533-E65A-4135-BB82-FED2743D0FB2}.Debug|x86.Build.0 = Debug|Win32
		{54265533-E65A-4135-BB82-FED2743D0FB2}.Release|x64.ActiveCfg = Release|x64
		{54265533-E65A-4135-BB82-FED2743D0FB2}.Release|x64.Build.0 = Release|x64
		{54265533-E65A-4135-BB82-FED2743D0FB2}.Release|x86.ActiveCfg = Release|Win32
		{54265533-E65A-4135-BB82-FED2743D0FB2}.Release|x86.Build.0 = Release|Win32
	EndGlobalSection
	GlobalSection(SolutionProperties) = preSolution
		HideSolutionNode = FALSE
	EndGlobalSection
	GlobalSection(ExtensibilityGlobals) = postSolution
		SolutionGuid = {A2D76EBC-D988-48F0-8958-9D71F270BD54}
	EndGlobalSection
EndGlobal
